
Microsoft Visual Studio Solution File, Format Version 12.00
# Visual Studio Version 17
VisualStudioVersion = 17.5.2.0
MinimumVisualStudioVersion = 10.0.40219.1
Project("{FAE04EC0-301F-11D3-BF4B-00C04F79EFBC}") = "MisticFy.API", "MisticFy.API.csproj", "{D35A69B7-AEBD-BC4A-A765-60502E7B527D}"
EndProject
Project("{FAE04EC0-301F-11D3-BF4B-00C04F79EFBC}") = "Misticy.Exceptions", "..\Misticy.Exceptions\Misticy.Exceptions.csproj", "{FE702EF5-BE12-4201-B432-F0640D29B786}"
EndProject
Global
	GlobalSection(SolutionConfigurationPlatforms) = preSolution
		Debug|Any CPU = Debug|Any CPU
		Release|Any CPU = Release|Any CPU
	EndGlobalSection
	GlobalSection(ProjectConfigurationPlatforms) = postSolution
		{D35A69B7-AEBD-BC4A-A765-60502E7B527D}.Debug|Any CPU.ActiveCfg = Debug|Any CPU
		{D35A69B7-AEBD-BC4A-A765-60502E7B527D}.Debug|Any CPU.Build.0 = Debug|Any CPU
		{D35A69B7-AEBD-BC4A-A765-60502E7B527D}.Release|Any CPU.ActiveCfg = Release|Any CPU
		{D35A69B7-AEBD-BC4A-A765-60502E7B527D}.Release|Any CPU.Build.0 = Release|Any CPU
		{FE702EF5-BE12-4201-B432-F0640D29B786}.Debug|Any CPU.ActiveCfg = Debug|Any CPU
		{FE702EF5-BE12-4201-B432-F0640D29B786}.Debug|Any CPU.Build.0 = Debug|Any CPU
		{FE702EF5-BE12-4201-B432-F0640D29B786}.Release|Any CPU.ActiveCfg = Release|Any CPU
		{FE702EF5-BE12-4201-B432-F0640D29B786}.Release|Any CPU.Build.0 = Release|Any CPU
	EndGlobalSection
	GlobalSection(SolutionProperties) = preSolution
		HideSolutionNode = FALSE
	EndGlobalSection
	GlobalSection(ExtensibilityGlobals) = postSolution
		SolutionGuid = {42F8AC38-3915-40AB-B675-DB68811AB342}
	EndGlobalSection
EndGlobal
